
Microsoft Visual Studio Solution File, Format Version 12.00
# Visual Studio 15
Project("{FAE04EC0-301F-11D3-BF4B-00C04F79EFBC}") = "SEKIRO", "Assembly-CSharp-firstpass.csproj", "{01DB7372-BD27-242F-8EDB-DD742F11B2FA}"
EndProject
Project("{FAE04EC0-301F-11D3-BF4B-00C04F79EFBC}") = "SEKIRO", "Assembly-CSharp.csproj", "{45B5A240-A1DC-E919-A58B-C236DBAE08E0}"
EndProject
Project("{FAE04EC0-301F-11D3-BF4B-00C04F79EFBC}") = "SEKIRO", "Assembly-CSharp-Editor-firstpass.csproj", "{16FD55E6-1A5E-A66F-A313-557657BAC209}"
EndProject
Global
	GlobalSection(SolutionConfigurationPlatforms) = preSolution
		Debug|Any CPU = Debug|Any CPU
		Release|Any CPU = Release|Any CPU
	EndGlobalSection
	GlobalSection(ProjectConfigurationPlatforms) = postSolution
		{01DB7372-BD27-242F-8EDB-DD742F11B2FA}.Debug|Any CPU.ActiveCfg = Debug|Any CPU
		{01DB7372-BD27-242F-8EDB-DD742F11B2FA}.Debug|Any CPU.Build.0 = Debug|Any CPU
		{01DB7372-BD27-242F-8EDB-DD742F11B2FA}.Release|Any CPU.ActiveCfg = Release|Any CPU
		{01DB7372-BD27-242F-8EDB-DD742F11B2FA}.Release|Any CPU.Build.0 = Release|Any CPU
		{45B5A240-A1DC-E919-A58B-C236DBAE08E0}.Debug|Any CPU.ActiveCfg = Debug|Any CPU
		{45B5A240-A1DC-E919-A58B-C236DBAE08E0}.Debug|Any CPU.Build.0 = Debug|Any CPU
		{45B5A240-A1DC-E919-A58B-C236DBAE08E0}.Release|Any CPU.ActiveCfg = Release|Any CPU
		{45B5A240-A1DC-E919-A58B-C236DBAE08E0}.Release|Any CPU.Build.0 = Release|Any CPU
		{16FD55E6-1A5E-A66F-A313-557657BAC209}.Debug|Any CPU.ActiveCfg = Debug|Any CPU
		{16FD55E6-1A5E-A66F-A313-557657BAC209}.Debug|Any CPU.Build.0 = Debug|Any CPU
		{16FD55E6-1A5E-A66F-A313-557657BAC209}.Release|Any CPU.ActiveCfg = Release|Any CPU
		{16FD55E6-1A5E-A66F-A313-557657BAC209}.Release|Any CPU.Build.0 = Release|Any CPU
	EndGlobalSection
	GlobalSection(SolutionProperties) = preSolution
		HideSolutionNode = FALSE
	EndGlobalSection
EndGlobal
